// !$*UTF8*$!
{
	archiveVersion = 1;
	classes = {
	};
	objectVersion = 46;
	objects = {

/* Begin PBXBuildFile section */
		B7623D1A1D8D529B00A68361 /* AppDelegate.swift in Sources */ = {isa = PBXBuildFile; fileRef = B7623D191D8D529B00A68361 /* AppDelegate.swift */; };
		B7623D1C1D8D529B00A68361 /* ViewController.swift in Sources */ = {isa = PBXBuildFile; fileRef = B7623D1B1D8D529B00A68361 /* ViewController.swift */; };
		B7623D1F1D8D529B00A68361 /* Main.storyboard in Resources */ = {isa = PBXBuildFile; fileRef = B7623D1D1D8D529B00A68361 /* Main.storyboard */; };
		B7623D211D8D529B00A68361 /* Assets.xcassets in Resources */ = {isa = PBXBuildFile; fileRef = B7623D201D8D529B00A68361 /* Assets.xcassets */; };
		B7623D241D8D529B00A68361 /* LaunchScreen.storyboard in Resources */ = {isa = PBXBuildFile; fileRef = B7623D221D8D529B00A68361 /* LaunchScreen.storyboard */; };
		B7623D2F1D8D529B00A68361 /* DouYuZBTests.swift in Sources */ = {isa = PBXBuildFile; fileRef = B7623D2E1D8D529B00A68361 /* DouYuZBTests.swift */; };
		B7623D3A1D8D529B00A68361 /* DouYuZBUITests.swift in Sources */ = {isa = PBXBuildFile; fileRef = B7623D391D8D529B00A68361 /* DouYuZBUITests.swift */; };
/* End PBXBuildFile section */

/* Begin PBXContainerItemProxy section */
		B7623D2B1D8D529B00A68361 /* PBXContainerItemProxy */ = {
			isa = PBXContainerItemProxy;
			containerPortal = B7623D0E1D8D529B00A68361 /* Project object */;
			proxyType = 1;
			remoteGlobalIDString = B7623D151D8D529B00A68361;
			remoteInfo = DouYuZB;
		};
		B7623D361D8D529B00A68361 /* PBXContainerItemProxy */ = {
			isa = PBXContainerItemProxy;
			containerPortal = B7623D0E1D8D529B00A68361 /* Project object */;
			proxyType = 1;
			remoteGlobalIDString = B7623D151D8D529B00A68361;
			remoteInfo = DouYuZB;
		};
/* End PBXContainerItemProxy section */

/* Begin PBXFileReference section */
		B7623D161D8D529B00A68361 /* DouYuZB.app */ = {isa = PBXFileReference; explicitFileType = wrapper.application; includeInIndex = 0; path = DouYuZB.app; sourceTree = BUILT_PRODUCTS_DIR; };
		B7623D191D8D529B00A68361 /* AppDelegate.swift */ = {isa = PBXFileReference; lastKnownFileType = sourcecode.swift; path = AppDelegate.swift; sourceTree = "<group>"; };
		B7623D1B1D8D529B00A68361 /* ViewController.swift */ = {isa = PBXFileReference; lastKnownFileType = sourcecode.swift; path = ViewController.swift; sourceTree = "<group>"; };
		B7623D1E1D8D529B00A68361 /* Base */ = {isa = PBXFileReference; lastKnownFileType = file.storyboard; name = Base; path = Base.lproj/Main.storyboard; sourceTree = "<group>"; };
		B7623D201D8D529B00A68361 /* Assets.xcassets */ = {isa = PBXFileReference; lastKnownFileType = folder.assetcatalog; path = Assets.xcassets; sourceTree = "<group>"; };
		B7623D231D8D529B00A68361 /* Base */ = {isa = PBXFileReference; lastKnownFileType = file.storyboard; name = Base; path = Base.lproj/LaunchScreen.storyboard; sourceTree = "<group>"; };
		B7623D251D8D529B00A68361 /* Info.plist */ = {isa = PBXFileReference; lastKnownFileType = text.plist.xml; path = Info.plist; sourceTree = "<group>"; };
		B7623D2A1D8D529B00A68361 /* DouYuZBTests.xctest */ = {isa = PBXFileReference; explicitFileType = wrapper.cfbundle; includeInIndex = 0; path = DouYuZBTests.xctest; sourceTree = BUILT_PRODUCTS_DIR; };
		B7623D2E1D8D529B00A68361 /* DouYuZBTests.swift */ = {isa = PBXFileReference; lastKnownFileType = sourcecode.swift; path = DouYuZBTests.swift; sourceTree = "<group>"; };
		B7623D301D8D529B00A68361 /* Info.plist */ = {isa = PBXFileReference; lastKnownFileType = text.plist.xml; path = Info.plist; sourceTree = "<group>"; };
		B7623D351D8D529B00A68361 /* DouYuZBUITests.xctest */ = {isa = PBXFileReference; explicitFileType = wrapper.cfbundle; includeInIndex = 0; path = DouYuZBUITests.xctest; sourceTree = BUILT_PRODUCTS_DIR; };
		B7623D391D8D529B00A68361 /* DouYuZBUITests.swift */ = {isa = PBXFileReference; lastKnownFileType = sourcecode.swift; path = DouYuZBUITests.swift; sourceTree = "<group>"; };
		B7623D3B1D8D529B00A68361 /* Info.plist */ = {isa = PBXFileReference; lastKnownFileType = text.plist.xml; path = Info.plist; sourceTree = "<group>"; };
/* End PBXFileReference section */

/* Begin PBXFrameworksBuildPhase section */
		B7623D131D8D529B00A68361 /* Frameworks */ = {
			isa = PBXFrameworksBuildPhase;
			buildActionMask = 2147483647;
			files = (
			);
			runOnlyForDeploymentPostprocessing = 0;
		};
		B7623D271D8D529B00A68361 /* Frameworks */ = {
			isa = PBXFrameworksBuildPhase;
			buildActionMask = 2147483647;
			files = (
			);
			runOnlyForDeploymentPostprocessing = 0;
		};
		B7623D321D8D529B00A68361 /* Frameworks */ = {
			isa = PBXFrameworksBuildPhase;
			buildActionMask = 2147483647;
			files = (
			);
			runOnlyForDeploymentPostprocessing = 0;
		};
/* End PBXFrameworksBuildPhase section */

/* Begin PBXGroup section */
		B7623D0D1D8D529B00A68361 = {
			isa = PBXGroup;
			children = (
				B7623D181D8D529B00A68361 /* DouYuZB */,
				B7623D2D1D8D529B00A68361 /* DouYuZBTests */,
				B7623D381D8D529B00A68361 /* DouYuZBUITests */,
				B7623D171D8D529B00A68361 /* Products */,
			);
			sourceTree = "<group>";
		};
		B7623D171D8D529B00A68361 /* Products */ = {
			isa = PBXGroup;
			children = (
				B7623D161D8D529B00A68361 /* DouYuZB.app */,
				B7623D2A1D8D529B00A68361 /* DouYuZBTests.xctest */,
				B7623D351D8D529B00A68361 /* DouYuZBUITests.xctest */,
			);
			name = Products;
			sourceTree = "<group>";
		};
		B7623D181D8D529B00A68361 /* DouYuZB */ = {
			isa = PBXGroup;
			children = (
				B7623D191D8D529B00A68361 /* AppDelegate.swift */,
				B7623D1B1D8D529B00A68361 /* ViewController.swift */,
				B7623D1D1D8D529B00A68361 /* Main.storyboard */,
				B7623D201D8D529B00A68361 /* Assets.xcassets */,
				B7623D221D8D529B00A68361 /* LaunchScreen.storyboard */,
				B7623D251D8D529B00A68361 /* Info.plist */,
			);
			path = DouYuZB;
			sourceTree = "<group>";
		};
		B7623D2D1D8D529B00A68361 /* DouYuZBTests */ = {
			isa = PBXGroup;
			children = (
				B7623D2E1D8D529B00A68361 /* DouYuZBTests.swift */,
				B7623D301D8D529B00A68361 /* Info.plist */,
			);
			path = DouYuZBTests;
			sourceTree = "<group>";
		};
		B7623D381D8D529B00A68361 /* DouYuZBUITests */ = {
			isa = PBXGroup;
			children = (
				B7623D391D8D529B00A68361 /* DouYuZBUITests.swift */,
				B7623D3B1D8D529B00A68361 /* Info.plist */,
			);
			path = DouYuZBUITests;
			sourceTree = "<group>";
		};
/* End PBXGroup section */

/* Begin PBXNativeTarget section */
		B7623D151D8D529B00A68361 /* DouYuZB */ = {
			isa = PBXNativeTarget;
			buildConfigurationList = B7623D3E1D8D529B00A68361 /* Build configuration list for PBXNativeTarget "DouYuZB" */;
			buildPhases = (
				B7623D121D8D529B00A68361 /* Sources */,
				B7623D131D8D529B00A68361 /* Frameworks */,
				B7623D141D8D529B00A68361 /* Resources */,
			);
			buildRules = (
			);
			dependencies = (
			);
			name = DouYuZB;
			productName = DouYuZB;
			productReference = B7623D161D8D529B00A68361 /* DouYuZB.app */;
			productType = "com.apple.product-type.application";
		};
		B7623D291D8D529B00A68361 /* DouYuZBTests */ = {
			isa = PBXNativeTarget;
			buildConfigurationList = B7623D411D8D529B00A68361 /* Build configuration list for PBXNativeTarget "DouYuZBTests" */;
			buildPhases = (
				B7623D261D8D529B00A68361 /* Sources */,
				B7623D271D8D529B00A68361 /* Frameworks */,
				B7623D281D8D529B00A68361 /* Resources */,
			);
			buildRules = (
			);
			dependencies = (
				B7623D2C1D8D529B00A68361 /* PBXTargetDependency */,
			);
			name = DouYuZBTests;
			productName = DouYuZBTests;
			productReference = B7623D2A1D8D529B00A68361 /* DouYuZBTests.xctest */;
			productType = "com.apple.product-type.bundle.unit-test";
		};
		B7623D341D8D529B00A68361 /* DouYuZBUITests */ = {
			isa = PBXNativeTarget;
			buildConfigurationList = B7623D441D8D529B00A68361 /* Build configuration list for PBXNativeTarget "DouYuZBUITests" */;
			buildPhases = (
				B7623D311D8D529B00A68361 /* Sources */,
				B7623D321D8D529B00A68361 /* Frameworks */,
				B7623D331D8D529B00A68361 /* Resources */,
			);
			buildRules = (
			);
			dependencies = (
				B7623D371D8D529B00A68361 /* PBXTargetDependency */,
			);
			name = DouYuZBUITests;
			productName = DouYuZBUITests;
			productReference = B7623D351D8D529B00A68361 /* DouYuZBUITests.xctest */;
			productType = "com.apple.product-type.bundle.ui-testing";
		};
/* End PBXNativeTarget section */

/* Begin PBXProject section */
		B7623D0E1D8D529B00A68361 /* Project object */ = {
			isa = PBXProject;
			attributes = {
				LastSwiftUpdateCheck = 0710;
				LastUpgradeCheck = 0710;
				ORGANIZATIONNAME = " 唐忠政";
				TargetAttributes = {
					B7623D151D8D529B00A68361 = {
						CreatedOnToolsVersion = 7.1;
					};
					B7623D291D8D529B00A68361 = {
						CreatedOnToolsVersion = 7.1;
						TestTargetID = B7623D151D8D529B00A68361;
					};
					B7623D341D8D529B00A68361 = {
						CreatedOnToolsVersion = 7.1;
						TestTargetID = B7623D151D8D529B00A68361;
					};
				};
			};
			buildConfigurationList = B7623D111D8D529B00A68361 /* Build configuration list for PBXProject "DouYuZB" */;
			compatibilityVersion = "Xcode 3.2";
			developmentRegion = English;
			hasScannedForEncodings = 0;
			knownRegions = (
				en,
				Base,
			);
			mainGroup = B7623D0D1D8D529B00A68361;
			productRefGroup = B7623D171D8D529B00A68361 /* Products */;
			projectDirPath = "";
			projectRoot = "";
			targets = (
				B7623D151D8D529B00A68361 /* DouYuZB */,
				B7623D291D8D529B00A68361 /* DouYuZBTests */,
				B7623D341D8D529B00A68361 /* DouYuZBUITests */,
			);
		};
/* End PBXProject section */

/* Begin PBXResourcesBuildPhase section */
		B7623D141D8D529B00A68361 /* Resources */ = {
			isa = PBXResourcesBuildPhase;
			buildActionMask = 2147483647;
			files = (
				B7623D241D8D529B00A68361 /* LaunchScreen.storyboard in Resources */,
				B7623D211D8D529B00A68361 /* Assets.xcassets in Resources */,
				B7623D1F1D8D529B00A68361 /* Main.storyboard in Resources */,
			);
			runOnlyForDeploymentPostprocessing = 0;
		};
		B7623D281D8D529B00A68361 /* Resources */ = {
			isa = PBXResourcesBuildPhase;
			buildActionMask = 2147483647;
			files = (
			);
			runOnlyForDeploymentPostprocessing = 0;
		};
		B7623D331D8D529B00A68361 /* Resources */ = {
			isa = PBXResourcesBuildPhase;
			buildActionMask = 2147483647;
			files = (
			);
			runOnlyForDeploymentPostprocessing = 0;
		};
/* End PBXResourcesBuildPhase section */

/* Begin PBXSourcesBuildPhase section */
		B7623D121D8D529B00A68361 /* Sources */ = {
			isa = PBXSourcesBuildPhase;
			buildActionMask = 2147483647;
			files = (
				B7623D1C1D8D529B00A68361 /* ViewController.swift in Sources */,
				B7623D1A1D8D529B00A68361 /* AppDelegate.swift in Sources */,
			);
			runOnlyForDeploymentPostprocessing = 0;
		};
		B7623D261D8D529B00A68361 /* Sources */ = {
			isa = PBXSourcesBuildPhase;
			buildActionMask = 2147483647;
			files = (
				B7623D2F1D8D529B00A68361 /* DouYuZBTests.swift in Sources */,
			);
			runOnlyForDeploymentPostprocessing = 0;
		};
		B7623D311D8D529B00A68361 /* Sources */ = {
			isa = PBXSourcesBuildPhase;
			buildActionMask = 2147483647;
			files = (
				B7623D3A1D8D529B00A68361 /* DouYuZBUITests.swift in Sources */,
			);
			runOnlyForDeploymentPostprocessing = 0;
		};
/* End PBXSourcesBuildPhase section */

/* Begin PBXTargetDependency section */
		B7623D2C1D8D529B00A68361 /* PBXTargetDependency */ = {
			isa = PBXTargetDependency;
			target = B7623D151D8D529B00A68361 /* DouYuZB */;
			targetProxy = B7623D2B1D8D529B00A68361 /* PBXContainerItemProxy */;
		};
		B7623D371D8D529B00A68361 /* PBXTargetDependency */ = {
			isa = PBXTargetDependency;
			target = B7623D151D8D529B00A68361 /* DouYuZB */;
			targetProxy = B7623D361D8D529B00A68361 /* PBXContainerItemProxy */;
		};
/* End PBXTargetDependency section */

/* Begin PBXVariantGroup section */
		B7623D1D1D8D529B00A68361 /* Main.storyboard */ = {
			isa = PBXVariantGroup;
			children = (
				B7623D1E1D8D529B00A68361 /* Base */,
			);
			name = Main.storyboard;
			sourceTree = "<group>";
		};
		B7623D221D8D529B00A68361 /* LaunchScreen.storyboard */ = {
			isa = PBXVariantGroup;
			children = (
				B7623D231D8D529B00A68361 /* Base */,
			);
			name = LaunchScreen.storyboard;
			sourceTree = "<group>";
		};
/* End PBXVariantGroup section */

/* Begin XCBuildConfiguration section */
		B7623D3C1D8D529B00A68361 /* Debug */ = {
			isa = XCBuildConfiguration;
			buildSettings = {
				ALWAYS_SEARCH_USER_PATHS = NO;
				CLANG_CXX_LANGUAGE_STANDARD = "gnu++0x";
				CLANG_CXX_LIBRARY = "libc++";
				CLANG_ENABLE_MODULES = YES;
				CLANG_ENABLE_OBJC_ARC = YES;
				CLANG_WARN_BOOL_CONVERSION = YES;
				CLANG_WARN_CONSTANT_CONVERSION = YES;
				CLANG_WARN_DIRECT_OBJC_ISA_USAGE = YES_ERROR;
				CLANG_WARN_EMPTY_BODY = YES;
				CLANG_WARN_ENUM_CONVERSION = YES;
				CLANG_WARN_INT_CONVERSION = YES;
				CLANG_WARN_OBJC_ROOT_CLASS = YES_ERROR;
				CLANG_WARN_UNREACHABLE_CODE = YES;
				CLANG_WARN__DUPLICATE_METHOD_MATCH = YES;
				"CODE_SIGN_IDENTITY[sdk=iphoneos*]" = "iPhone Developer";
				COPY_PHASE_STRIP = NO;
				DEBUG_INFORMATION_FORMAT = dwarf;
				ENABLE_STRICT_OBJC_MSGSEND = YES;
				ENABLE_TESTABILITY = YES;
				GCC_C_LANGUAGE_STANDARD = gnu99;
				GCC_DYNAMIC_NO_PIC = NO;
				GCC_NO_COMMON_BLOCKS = YES;
				GCC_OPTIMIZATION_LEVEL = 0;
				GCC_PREPROCESSOR_DEFINITIONS = (
					"DEBUG=1",
					"$(inherited)",
				);
				GCC_WARN_64_TO_32_BIT_CONVERSION = YES;
				GCC_WARN_ABOUT_RETURN_TYPE = YES_ERROR;
				GCC_WARN_UNDECLARED_SELECTOR = YES;
				GCC_WARN_UNINITIALIZED_AUTOS = YES_AGGRESSIVE;
				GCC_WARN_UNUSED_FUNCTION = YES;
				GCC_WARN_UNUSED_VARIABLE = YES;
				IPHONEOS_DEPLOYMENT_TARGET = 9.1;
				MTL_ENABLE_DEBUG_INFO = YES;
				ONLY_ACTIVE_ARCH = YES;
				SDKROOT = iphoneos;
				SWIFT_OPTIMIZATION_LEVEL = "-Onone";
				TARGETED_DEVICE_FAMILY = "1,2";
			};
			name = Debug;
		};
		B7623D3D1D8D529B00A68361 /* Release */ = {
			isa = XCBuildConfiguration;
			buildSettings = {
				ALWAYS_SEARCH_USER_PATHS = NO;
				CLANG_CXX_LANGUAGE_STANDARD = "gnu++0x";
				CLANG_CXX_LIBRARY = "libc++";
				CLANG_ENABLE_MODULES = YES;
				CLANG_ENABLE_OBJC_ARC = YES;
				CLANG_WARN_BOOL_CONVERSION = YES;
				CLANG_WARN_CONSTANT_CONVERSION = YES;
				CLANG_WARN_DIRECT_OBJC_ISA_USAGE = YES_ERROR;
				CLANG_WARN_EMPTY_BODY = YES;
				CLANG_WARN_ENUM_CONVERSION = YES;
				CLANG_WARN_INT_CONVERSION = YES;
				CLANG_WARN_OBJC_ROOT_CLASS = YES_ERROR;
				CLANG_WARN_UNREACHABLE_CODE = YES;
				CLANG_WARN__DUPLICATE_METHOD_MATCH = YES;
				"CODE_SIGN_IDENTITY[sdk=iphoneos*]" = "iPhone Developer";
				COPY_PHASE_STRIP = NO;
				DEBUG_INFORMATION_FORMAT = "dwarf-with-dsym";
				ENABLE_NS_ASSERTIONS = NO;
				ENABLE_STRICT_OBJC_MSGSEND = YES;
				GCC_C_LANGUAGE_STANDARD = gnu99;
				GCC_NO_COMMON_BLOCKS = YES;
				GCC_WARN_64_TO_32_BIT_CONVERSION = YES;
				GCC_WARN_ABOUT_RETURN_TYPE = YES_ERROR;
				GCC_WARN_UNDECLARED_SELECTOR = YES;
				GCC_WARN_UNINITIALIZED_AUTOS = YES_AGGRESSIVE;
				GCC_WARN_UNUSED_FUNCTION = YES;
				GCC_WARN_UNUSED_VARIABLE = YES;
				IPHONEOS_DEPLOYMENT_TARGET = 9.1;
				MTL_ENABLE_DEBUG_INFO = NO;
				SDKROOT = iphoneos;
				TARGETED_DEVICE_FAMILY = "1,2";
				VALIDATE_PRODUCT = YES;
			};
			name = Release;
		};
		B7623D3F1D8D529B00A68361 /* Debug */ = {
			isa = XCBuildConfiguration;
			buildSettings = {
				ASSETCATALOG_COMPILER_APPICON_NAME = AppIcon;
				INFOPLIST_FILE = DouYuZB/Info.plist;
				LD_RUNPATH_SEARCH_PATHS = "$(inherited) @executable_path/Frameworks";
				PRODUCT_BUNDLE_IDENTIFIER = iOSApp.com.DouYuZB;
				PRODUCT_NAME = "$(TARGET_NAME)";
			};
			name = Debug;
		};
		B7623D401D8D529B00A68361 /* Release */ = {
			isa = XCBuildConfiguration;
			buildSettings = {
				ASSETCATALOG_COMPILER_APPICON_NAME = AppIcon;
				INFOPLIST_FILE = DouYuZB/Info.plist;
				LD_RUNPATH_SEARCH_PATHS = "$(inherited) @executable_path/Frameworks";
				PRODUCT_BUNDLE_IDENTIFIER = iOSApp.com.DouYuZB;
				PRODUCT_NAME = "$(TARGET_NAME)";
			};
			name = Release;
		};
		B7623D421D8D529B00A68361 /* Debug */ = {
			isa = XCBuildConfiguration;
			buildSettings = {
				BUNDLE_LOADER = "$(TEST_HOST)";
				INFOPLIST_FILE = DouYuZBTests/Info.plist;
				LD_RUNPATH_SEARCH_PATHS = "$(inherited) @executable_path/Frameworks @loader_path/Frameworks";
				PRODUCT_BUNDLE_IDENTIFIER = iOSApp.com.DouYuZBTests;
				PRODUCT_NAME = "$(TARGET_NAME)";
				TEST_HOST = "$(BUILT_PRODUCTS_DIR)/DouYuZB.app/DouYuZB";
			};
			name = Debug;
		};
		B7623D431D8D529B00A68361 /* Release */ = {
			isa = XCBuildConfiguration;
			buildSettings = {
				BUNDLE_LOADER = "$(TEST_HOST)";
				INFOPLIST_FILE = DouYuZBTests/Info.plist;
				LD_RUNPATH_SEARCH_PATHS = "$(inherited) @executable_path/Frameworks @loader_path/Frameworks";
				PRODUCT_BUNDLE_IDENTIFIER = iOSApp.com.DouYuZBTests;
				PRODUCT_NAME = "$(TARGET_NAME)";
				TEST_HOST = "$(BUILT_PRODUCTS_DIR)/DouYuZB.app/DouYuZB";
			};
			name = Release;
		};
		B7623D451D8D529B00A68361 /* Debug */ = {
			isa = XCBuildConfiguration;
			buildSettings = {
				INFOPLIST_FILE = DouYuZBUITests/Info.plist;
				LD_RUNPATH_SEARCH_PATHS = "$(inherited) @executable_path/Frameworks @loader_path/Frameworks";
				PRODUCT_BUNDLE_IDENTIFIER = iOSApp.com.DouYuZBUITests;
				PRODUCT_NAME = "$(TARGET_NAME)";
				TEST_TARGET_NAME = DouYuZB;
				USES_XCTRUNNER = YES;
			};
			name = Debug;
		};
		B7623D461D8D529B00A68361 /* Release */ = {
			isa = XCBuildConfiguration;
			buildSettings = {
				INFOPLIST_FILE = DouYuZBUITests/Info.plist;
				LD_RUNPATH_SEARCH_PATHS = "$(inherited) @executable_path/Frameworks @loader_path/Frameworks";
				PRODUCT_BUNDLE_IDENTIFIER = iOSApp.com.DouYuZBUITests;
				PRODUCT_NAME = "$(TARGET_NAME)";
				TEST_TARGET_NAME = DouYuZB;
				USES_XCTRUNNER = YES;
			};
			name = Release;
		};
/* End XCBuildConfiguration section */

/* Begin XCConfigurationList section */
		B7623D111D8D529B00A68361 /* Build configuration list for PBXProject "DouYuZB" */ = {
			isa = XCConfigurationList;
			buildConfigurations = (
				B7623D3C1D8D529B00A68361 /* Debug */,
				B7623D3D1D8D529B00A68361 /* Release */,
			);
			defaultConfigurationIsVisible = 0;
			defaultConfigurationName = Release;
		};
		B7623D3E1D8D529B00A68361 /* Build configuration list for PBXNativeTarget "DouYuZB" */ = {
			isa = XCConfigurationList;
			buildConfigurations = (
				B7623D3F1D8D529B00A68361 /* Debug */,
				B7623D401D8D529B00A68361 /* Release */,
			);
			defaultConfigurationIsVisible = 0;
		};
		B7623D411D8D529B00A68361 /* Build configuration list for PBXNativeTarget "DouYuZBTests" */ = {
			isa = XCConfigurationList;
			buildConfigurations = (
				B7623D421D8D529B00A68361 /* Debug */,
				B7623D431D8D529B00A68361 /* Release */,
			);
			defaultConfigurationIsVisible = 0;
		};
		B7623D441D8D529B00A68361 /* Build configuration list for PBXNativeTarget "DouYuZBUITests" */ = {
			isa = XCConfigurationList;
			buildConfigurations = (
				B7623D451D8D529B00A68361 /* Debug */,
				B7623D461D8D529B00A68361 /* Release */,
			);
			defaultConfigurationIsVisible = 0;
		};
/* End XCConfigurationList section */
	};
	rootObject = B7623D0E1D8D529B00A68361 /* Project object */;
}
